<?xml version="1.0" encoding="utf-8"?>
<Project ToolsVersion="4.0" xmlns="http://schemas.microsoft.com/developer/msbuild/2003">
  <ItemGroup>
    <Filter Include="Source Files">
      <UniqueIdentifier>{4FC737F1-C7A5-4376-A066-2A32D752A2FF}</UniqueIdentifier>
      <Extensions>cpp;c;cc;cxx;def;odl;idl;hpj;bat;asm;asmx</Extensions>
    </Filter>
    <Filter Include="Header Files">
      <UniqueIdentifier>{93995380-89BD-4b04-88EB-625FBE52EBFB}</UniqueIdentifier>
      <Extensions>h;hpp;hxx;hm;inl;inc;xsd</Extensions>
    </Filter>
    <Filter Include="Resource Files">
      <UniqueIdentifier>{67DA6AB6-F800-4c08-8B7A-83BB121AAD01}</UniqueIdentifier>
      <Extensions>rc;ico;cur;bmp;dlg;rc2;rct;bin;rgs;gif;jpg;jpeg;jpe;resx;tiff;tif;png;wav;mfcribbon-ms</Extensions>
    </Filter>
    <Filter Include="Source Files\system">
      <UniqueIdentifier>{ff019b71-e17b-4b16-b3e2-a83d331dfd83}</UniqueIdentifier>
    </Filter>
    <Filter Include="Header Files\system">
      <UniqueIdentifier>{e6b3f567-8d24-4c52-8fc7-adbc972a4647}</UniqueIdentifier>
    </Filter>
    <Filter Include="Header Files\util">
      <UniqueIdentifier>{87a29dc0-6201-418d-9600-a045c8e2b2e4}</UniqueIdentifier>
    </Filter>
    <Filter Include="Header Files\sdks">
      <UniqueIdentifier>{f37263dc-411e-4a48-860c-07ff0f0a26c7}</UniqueIdentifier>
    </Filter>
    <Filter Include="Header Files\sdks\SDL">
      <UniqueIdentifier>{c6807631-09a8-458a-b591-3c5d26358664}</UniqueIdentifier>
    </Filter>
    <Filter Include="Source Files\util">
      <UniqueIdentifier>{971c851f-ccdd-4ead-bc45-0f1b7b1ffbf8}</UniqueIdentifier>
    </Filter>
    <Filter Include="Source Files\sq">
      <UniqueIdentifier>{41274ba9-8662-4423-8a6d-e54dc8dba05b}</UniqueIdentifier>
    </Filter>
    <Filter Include="Header Files\parser">
      <UniqueIdentifier>{3602a76e-f720-4645-bca5-030f039ea654}</UniqueIdentifier>
    </Filter>
    <Filter Include="Source Files\parser">
      <UniqueIdentifier>{ccd9327c-f3cc-4bef-9208-239cd987fdf8}</UniqueIdentifier>
    </Filter>
  </ItemGroup>
  <ItemGroup>
    <ClInclude Include="..\include\sdks\SDL\begin_code.h">
      <Filter>Header Files\sdks\SDL</Filter>
    </ClInclude>
    <ClInclude Include="..\include\sdks\SDL\close_code.h">
      <Filter>Header Files\sdks\SDL</Filter>
    </ClInclude>
    <ClInclude Include="..\include\sdks\SDL\SDL.h">
      <Filter>Header Files\sdks\SDL</Filter>
    </ClInclude>
    <ClInclude Include="..\include\sdks\SDL\SDL_assert.h">
      <Filter>Header Files\sdks\SDL</Filter>
    </ClInclude>
    <ClInclude Include="..\include\sdks\SDL\SDL_atomic.h">
      <Filter>Header Files\sdks\SDL</Filter>
    </ClInclude>
    <ClInclude Include="..\include\sdks\SDL\SDL_audio.h">
      <Filter>Header Files\sdks\SDL</Filter>
    </ClInclude>
    <ClInclude Include="..\include\sdks\SDL\SDL_bits.h">
      <Filter>Header Files\sdks\SDL</Filter>
    </ClInclude>
    <ClInclude Include="..\include\sdks\SDL\SDL_blendmode.h">
      <Filter>Header Files\sdks\SDL</Filter>
    </ClInclude>
    <ClInclude Include="..\include\sdks\SDL\SDL_clipboard.h">
      <Filter>Header Files\sdks\SDL</Filter>
    </ClInclude>
    <ClInclude Include="..\include\sdks\SDL\SDL_config.h">
      <Filter>Header Files\sdks\SDL</Filter>
    </ClInclude>
    <ClInclude Include="..\include\sdks\SDL\SDL_cpuinfo.h">
      <Filter>Header Files\sdks\SDL</Filter>
    </ClInclude>
    <ClInclude Include="..\include\sdks\SDL\SDL_endian.h">
      <Filter>Header Files\sdks\SDL</Filter>
    </ClInclude>
    <ClInclude Include="..\include\sdks\SDL\SDL_error.h">
      <Filter>Header Files\sdks\SDL</Filter>
    </ClInclude>
    <ClInclude Include="..\include\sdks\SDL\SDL_events.h">
      <Filter>Header Files\sdks\SDL</Filter>
    </ClInclude>
    <ClInclude Include="..\include\sdks\SDL\SDL_filesystem.h">
      <Filter>Header Files\sdks\SDL</Filter>
    </ClInclude>
    <ClInclude Include="..\include\sdks\SDL\SDL_gamecontroller.h">
      <Filter>Header Files\sdks\SDL</Filter>
    </ClInclude>
    <ClInclude Include="..\include\sdks\SDL\SDL_gesture.h">
      <Filter>Header Files\sdks\SDL</Filter>
    </ClInclude>
    <ClInclude Include="..\include\sdks\SDL\SDL_haptic.h">
      <Filter>Header Files\sdks\SDL</Filter>
    </ClInclude>
    <ClInclude Include="..\include\sdks\SDL\SDL_hints.h">
      <Filter>Header Files\sdks\SDL</Filter>
    </ClInclude>
    <ClInclude Include="..\include\sdks\SDL\SDL_joystick.h">
      <Filter>Header Files\sdks\SDL</Filter>
    </ClInclude>
    <ClInclude Include="..\include\sdks\SDL\SDL_keyboard.h">
      <Filter>Header Files\sdks\SDL</Filter>
    </ClInclude>
    <ClInclude Include="..\include\sdks\SDL\SDL_keycode.h">
      <Filter>Header Files\sdks\SDL</Filter>
    </ClInclude>
    <ClInclude Include="..\include\sdks\SDL\SDL_loadso.h">
      <Filter>Header Files\sdks\SDL</Filter>
    </ClInclude>
    <ClInclude Include="..\include\sdks\SDL\SDL_log.h">
      <Filter>Header Files\sdks\SDL</Filter>
    </ClInclude>
    <ClInclude Include="..\include\sdks\SDL\SDL_main.h">
      <Filter>Header Files\sdks\SDL</Filter>
    </ClInclude>
    <ClInclude Include="..\include\sdks\SDL\SDL_messagebox.h">
      <Filter>Header Files\sdks\SDL</Filter>
    </ClInclude>
    <ClInclude Include="..\include\sdks\SDL\SDL_mouse.h">
      <Filter>Header Files\sdks\SDL</Filter>
    </ClInclude>
    <ClInclude Include="..\include\sdks\SDL\SDL_mutex.h">
      <Filter>Header Files\sdks\SDL</Filter>
    </ClInclude>
    <ClInclude Include="..\include\sdks\SDL\SDL_name.h">
      <Filter>Header Files\sdks\SDL</Filter>
    </ClInclude>
    <ClInclude Include="..\include\sdks\SDL\SDL_opengl.h">
      <Filter>Header Files\sdks\SDL</Filter>
    </ClInclude>
    <ClInclude Include="..\include\sdks\SDL\SDL_opengles.h">
      <Filter>Header Files\sdks\SDL</Filter>
    </ClInclude>
    <ClInclude Include="..\include\sdks\SDL\SDL_opengles2.h">
      <Filter>Header Files\sdks\SDL</Filter>
    </ClInclude>
    <ClInclude Include="..\include\sdks\SDL\SDL_pixels.h">
      <Filter>Header Files\sdks\SDL</Filter>
    </ClInclude>
    <ClInclude Include="..\include\sdks\SDL\SDL_platform.h">
      <Filter>Header Files\sdks\SDL</Filter>
    </ClInclude>
    <ClInclude Include="..\include\sdks\SDL\SDL_power.h">
      <Filter>Header Files\sdks\SDL</Filter>
    </ClInclude>
    <ClInclude Include="..\include\sdks\SDL\SDL_quit.h">
      <Filter>Header Files\sdks\SDL</Filter>
    </ClInclude>
    <ClInclude Include="..\include\sdks\SDL\SDL_rect.h">
      <Filter>Header Files\sdks\SDL</Filter>
    </ClInclude>
    <ClInclude Include="..\include\sdks\SDL\SDL_render.h">
      <Filter>Header Files\sdks\SDL</Filter>
    </ClInclude>
    <ClInclude Include="..\include\sdks\SDL\SDL_revision.h">
      <Filter>Header Files\sdks\SDL</Filter>
    </ClInclude>
    <ClInclude Include="..\include\sdks\SDL\SDL_rwops.h">
      <Filter>Header Files\sdks\SDL</Filter>
    </ClInclude>
    <ClInclude Include="..\include\sdks\SDL\SDL_scancode.h">
      <Filter>Header Files\sdks\SDL</Filter>
    </ClInclude>
    <ClInclude Include="..\include\sdks\SDL\SDL_shape.h">
      <Filter>Header Files\sdks\SDL</Filter>
    </ClInclude>
    <ClInclude Include="..\include\sdks\SDL\SDL_stdinc.h">
      <Filter>Header Files\sdks\SDL</Filter>
    </ClInclude>
    <ClInclude Include="..\include\sdks\SDL\SDL_surface.h">
      <Filter>Header Files\sdks\SDL</Filter>
    </ClInclude>
    <ClInclude Include="..\include\sdks\SDL\SDL_system.h">
      <Filter>Header Files\sdks\SDL</Filter>
    </ClInclude>
    <ClInclude Include="..\include\sdks\SDL\SDL_syswm.h">
      <Filter>Header Files\sdks\SDL</Filter>
    </ClInclude>
    <ClInclude Include="..\include\sdks\SDL\SDL_test.h">
      <Filter>Header Files\sdks\SDL</Filter>
    </ClInclude>
    <ClInclude Include="..\include\sdks\SDL\SDL_test_assert.h">
      <Filter>Header Files\sdks\SDL</Filter>
    </ClInclude>
    <ClInclude Include="..\include\sdks\SDL\SDL_test_common.h">
      <Filter>Header Files\sdks\SDL</Filter>
    </ClInclude>
    <ClInclude Include="..\include\sdks\SDL\SDL_test_compare.h">
      <Filter>Header Files\sdks\SDL</Filter>
    </ClInclude>
    <ClInclude Include="..\include\sdks\SDL\SDL_test_crc32.h">
      <Filter>Header Files\sdks\SDL</Filter>
    </ClInclude>
    <ClInclude Include="..\include\sdks\SDL\SDL_test_font.h">
      <Filter>Header Files\sdks\SDL</Filter>
    </ClInclude>
    <ClInclude Include="..\include\sdks\SDL\SDL_test_fuzzer.h">
      <Filter>Header Files\sdks\SDL</Filter>
    </ClInclude>
    <ClInclude Include="..\include\sdks\SDL\SDL_test_harness.h">
      <Filter>Header Files\sdks\SDL</Filter>
    </ClInclude>
    <ClInclude Include="..\include\sdks\SDL\SDL_test_images.h">
      <Filter>Header Files\sdks\SDL</Filter>
    </ClInclude>
    <ClInclude Include="..\include\sdks\SDL\SDL_test_log.h">
      <Filter>Header Files\sdks\SDL</Filter>
    </ClInclude>
    <ClInclude Include="..\include\sdks\SDL\SDL_test_md5.h">
      <Filter>Header Files\sdks\SDL</Filter>
    </ClInclude>
    <ClInclude Include="..\include\sdks\SDL\SDL_test_random.h">
      <Filter>Header Files\sdks\SDL</Filter>
    </ClInclude>
    <ClInclude Include="..\include\sdks\SDL\SDL_thread.h">
      <Filter>Header Files\sdks\SDL</Filter>
    </ClInclude>
    <ClInclude Include="..\include\sdks\SDL\SDL_timer.h">
      <Filter>Header Files\sdks\SDL</Filter>
    </ClInclude>
    <ClInclude Include="..\include\sdks\SDL\SDL_touch.h">
      <Filter>Header Files\sdks\SDL</Filter>
    </ClInclude>
    <ClInclude Include="..\include\sdks\SDL\SDL_types.h">
      <Filter>Header Files\sdks\SDL</Filter>
    </ClInclude>
    <ClInclude Include="..\include\sdks\SDL\SDL_version.h">
      <Filter>Header Files\sdks\SDL</Filter>
    </ClInclude>
    <ClInclude Include="..\include\sdks\SDL\SDL_video.h">
      <Filter>Header Files\sdks\SDL</Filter>
    </ClInclude>
    <ClInclude Include="..\include\system\oas_game.h">
      <Filter>Header Files\system</Filter>
    </ClInclude>
    <ClInclude Include="..\include\system\oas_interfaces.h">
      <Filter>Header Files\system</Filter>
    </ClInclude>
    <ClInclude Include="..\include\system\oas_platform.h">
      <Filter>Header Files\system</Filter>
    </ClInclude>
    <ClInclude Include="..\include\system\oas_sdl2application.h">
      <Filter>Header Files\system</Filter>
    </ClInclude>
    <ClInclude Include="..\include\util\oas_stringutil.h">
      <Filter>Header Files\util</Filter>
    </ClInclude>
    <ClInclude Include="..\include\system\oas_logmanager.h">
      <Filter>Header Files\system</Filter>
    </ClInclude>
    <ClInclude Include="..\include\util\oas_ioutil.h">
      <Filter>Header Files\util</Filter>
    </ClInclude>
    <ClInclude Include="..\include\util\oas_timeutil.h">
      <Filter>Header Files\util</Filter>
    </ClInclude>
    <ClInclude Include="..\include\util\oas_math.h">
      <Filter>Header Files\util</Filter>
    </ClInclude>
    <ClInclude Include="..\include\system\oas_entity.h">
      <Filter>Header Files\system</Filter>
    </ClInclude>
    <ClInclude Include="..\include\system\oas_entitymanager.h">
      <Filter>Header Files\system</Filter>
    </ClInclude>
    <ClInclude Include="..\include\util\sq_utils.h">
      <Filter>Header Files\util</Filter>
    </ClInclude>
    <ClInclude Include="..\include\util\sq_heads.h">
      <Filter>Header Files\util</Filter>
    </ClInclude>
    <ClInclude Include="..\include\util\sq_functions.h">
      <Filter>Header Files\util</Filter>
    </ClInclude>
    <ClInclude Include="..\include\util\sq_funcdef.h">
      <Filter>Header Files\util</Filter>
    </ClInclude>
    <ClInclude Include="..\include\system\oas_script.h">
      <Filter>Header Files\system</Filter>
    </ClInclude>
    <ClInclude Include="..\include\system\oas_scripts.h">
      <Filter>Header Files\system</Filter>
    </ClInclude>
    <ClInclude Include="..\sdks\SQUIRREL3\squirrel\sqarray.h">
      <Filter>Source Files\sq</Filter>
    </ClInclude>
    <ClInclude Include="..\sdks\SQUIRREL3\squirrel\sqclass.h">
      <Filter>Source Files\sq</Filter>
    </ClInclude>
    <ClInclude Include="..\sdks\SQUIRREL3\squirrel\sqclosure.h">
      <Filter>Source Files\sq</Filter>
    </ClInclude>
    <ClInclude Include="..\sdks\SQUIRREL3\squirrel\sqcompiler.h">
      <Filter>Source Files\sq</Filter>
    </ClInclude>
    <ClInclude Include="..\sdks\SQUIRREL3\squirrel\sqfuncproto.h">
      <Filter>Source Files\sq</Filter>
    </ClInclude>
    <ClInclude Include="..\sdks\SQUIRREL3\squirrel\sqfuncstate.h">
      <Filter>Source Files\sq</Filter>
    </ClInclude>
    <ClInclude Include="..\sdks\SQUIRREL3\squirrel\sqlexer.h">
      <Filter>Source Files\sq</Filter>
    </ClInclude>
    <ClInclude Include="..\sdks\SQUIRREL3\squirrel\sqobject.h">
      <Filter>Source Files\sq</Filter>
    </ClInclude>
    <ClInclude Include="..\sdks\SQUIRREL3\squirrel\sqopcodes.h">
      <Filter>Source Files\sq</Filter>
    </ClInclude>
    <ClInclude Include="..\sdks\SQUIRREL3\squirrel\sqpcheader.h">
      <Filter>Source Files\sq</Filter>
    </ClInclude>
    <ClInclude Include="..\sdks\SQUIRREL3\squirrel\sqstate.h">
      <Filter>Source Files\sq</Filter>
    </ClInclude>
    <ClInclude Include="..\sdks\SQUIRREL3\squirrel\sqstring.h">
      <Filter>Source Files\sq</Filter>
    </ClInclude>
    <ClInclude Include="..\sdks\SQUIRREL3\squirrel\sqtable.h">
      <Filter>Source Files\sq</Filter>
    </ClInclude>
    <ClInclude Include="..\sdks\SQUIRREL3\squirrel\squserdata.h">
      <Filter>Source Files\sq</Filter>
    </ClInclude>
    <ClInclude Include="..\sdks\SQUIRREL3\squirrel\squtils.h">
      <Filter>Source Files\sq</Filter>
    </ClInclude>
    <ClInclude Include="..\sdks\SQUIRREL3\squirrel\sqvm.h">
      <Filter>Source Files\sq</Filter>
    </ClInclude>
    <ClInclude Include="..\sdks\SQUIRREL3\sqstdlib\sqstdblobimpl.h">
      <Filter>Source Files\sq</Filter>
    </ClInclude>
    <ClInclude Include="..\sdks\SQUIRREL3\sqstdlib\sqstdstream.h">
      <Filter>Source Files\sq</Filter>
    </ClInclude>
    <ClInclude Include="..\include\system\oas_scriptsex.h">
      <Filter>Header Files\system</Filter>
    </ClInclude>
    <ClInclude Include="..\include\system\oas_map.h">
      <Filter>Header Files\system</Filter>
    </ClInclude>
    <ClInclude Include="..\include\parser\oas_mapparser.h">
      <Filter>Header Files\parser</Filter>
    </ClInclude>
    <ClInclude Include="..\include\system\oas_mapmanager.h">
      <Filter>Header Files\system</Filter>
    </ClInclude>
    <ClInclude Include="..\include\system\oas_defaults.h">
      <Filter>Header Files\system</Filter>
    </ClInclude>
  </ItemGroup>
  <ItemGroup>
    <ClCompile Include="..\source\system\oas_game.cpp">
      <Filter>Source Files\system</Filter>
    </ClCompile>
    <ClCompile Include="..\source\system\oas_sdl2application.cpp">
      <Filter>Source Files\system</Filter>
    </ClCompile>
    <ClCompile Include="..\source\system\oas_logmanager.cpp">
      <Filter>Source Files\system</Filter>
    </ClCompile>
    <ClCompile Include="..\source\system\oas_entity.cpp">
      <Filter>Source Files\system</Filter>
    </ClCompile>
    <ClCompile Include="..\source\system\oas_entitymanager.cpp">
      <Filter>Source Files\system</Filter>
    </ClCompile>
    <ClCompile Include="..\source\util\oas_math.cpp">
      <Filter>Source Files\util</Filter>
    </ClCompile>
    <ClCompile Include="..\source\util\sq_funcdef.cpp">
      <Filter>Source Files\util</Filter>
    </ClCompile>
    <ClCompile Include="..\source\util\sq_functions.cpp">
      <Filter>Source Files\util</Filter>
    </ClCompile>
    <ClCompile Include="..\source\util\sq_utils.cpp">
      <Filter>Source Files\util</Filter>
    </ClCompile>
    <ClCompile Include="..\source\system\oas_script.cpp">
      <Filter>Source Files\system</Filter>
    </ClCompile>
    <ClCompile Include="..\source\system\oas_scripts.cpp">
      <Filter>Source Files\system</Filter>
    </ClCompile>
    <ClCompile Include="..\sdks\SQUIRREL3\squirrel\sqapi.cpp">
      <Filter>Source Files\sq</Filter>
    </ClCompile>
    <ClCompile Include="..\sdks\SQUIRREL3\squirrel\sqbaselib.cpp">
      <Filter>Source Files\sq</Filter>
    </ClCompile>
    <ClCompile Include="..\sdks\SQUIRREL3\squirrel\sqclass.cpp">
      <Filter>Source Files\sq</Filter>
    </ClCompile>
    <ClCompile Include="..\sdks\SQUIRREL3\squirrel\sqcompiler.cpp">
      <Filter>Source Files\sq</Filter>
    </ClCompile>
    <ClCompile Include="..\sdks\SQUIRREL3\squirrel\sqdebug.cpp">
      <Filter>Source Files\sq</Filter>
    </ClCompile>
    <ClCompile Include="..\sdks\SQUIRREL3\squirrel\sqfuncstate.cpp">
      <Filter>Source Files\sq</Filter>
    </ClCompile>
    <ClCompile Include="..\sdks\SQUIRREL3\squirrel\sqlexer.cpp">
      <Filter>Source Files\sq</Filter>
    </ClCompile>
    <ClCompile Include="..\sdks\SQUIRREL3\squirrel\sqmem.cpp">
      <Filter>Source Files\sq</Filter>
    </ClCompile>
    <ClCompile Include="..\sdks\SQUIRREL3\squirrel\sqobject.cpp">
      <Filter>Source Files\sq</Filter>
    </ClCompile>
    <ClCompile Include="..\sdks\SQUIRREL3\squirrel\sqstate.cpp">
      <Filter>Source Files\sq</Filter>
    </ClCompile>
    <ClCompile Include="..\sdks\SQUIRREL3\squirrel\sqtable.cpp">
      <Filter>Source Files\sq</Filter>
    </ClCompile>
    <ClCompile Include="..\sdks\SQUIRREL3\squirrel\sqvm.cpp">
      <Filter>Source Files\sq</Filter>
    </ClCompile>
    <ClCompile Include="..\sdks\SQUIRREL3\sqstdlib\sqstdaux.cpp">
      <Filter>Source Files\sq</Filter>
    </ClCompile>
    <ClCompile Include="..\sdks\SQUIRREL3\sqstdlib\sqstdblob.cpp">
      <Filter>Source Files\sq</Filter>
    </ClCompile>
    <ClCompile Include="..\sdks\SQUIRREL3\sqstdlib\sqstdio.cpp">
      <Filter>Source Files\sq</Filter>
    </ClCompile>
    <ClCompile Include="..\sdks\SQUIRREL3\sqstdlib\sqstdmath.cpp">
      <Filter>Source Files\sq</Filter>
    </ClCompile>
    <ClCompile Include="..\sdks\SQUIRREL3\sqstdlib\sqstdrex.cpp">
      <Filter>Source Files\sq</Filter>
    </ClCompile>
    <ClCompile Include="..\sdks\SQUIRREL3\sqstdlib\sqstdstream.cpp">
      <Filter>Source Files\sq</Filter>
    </ClCompile>
    <ClCompile Include="..\sdks\SQUIRREL3\sqstdlib\sqstdstring.cpp">
      <Filter>Source Files\sq</Filter>
    </ClCompile>
    <ClCompile Include="..\sdks\SQUIRREL3\sqstdlib\sqstdsystem.cpp">
      <Filter>Source Files\sq</Filter>
    </ClCompile>
    <ClCompile Include="..\source\system\oas_scriptex.cpp">
      <Filter>Source Files\system</Filter>
    </ClCompile>
    <ClCompile Include="..\source\system\oas_mapmanager.cpp">
      <Filter>Source Files\system</Filter>
    </ClCompile>
    <ClCompile Include="..\source\system\oas_map.cpp">
      <Filter>Source Files\system</Filter>
    </ClCompile>
    <ClCompile Include="..\source\parser\oas_mapparser.cpp">
      <Filter>Source Files\parser</Filter>
    </ClCompile>
  </ItemGroup>
</Project>